
Microsoft Visual Studio Solution File, Format Version 12.00
# Visual Studio Version 17
VisualStudioVersion = 17.11.35327.3
MinimumVisualStudioVersion = 10.0.40219.1
Project("{FAE04EC0-301F-11D3-BF4B-00C04F79EFBC}") = "SyntaxErrorIDE", "SyntaxErrorIDE\SyntaxErrorIDE.csproj", "{8671B6B4-9D19-4F03-AE4E-86506FCF2953}"
EndProject
Global
	GlobalSection(SolutionConfigurationPlatforms) = preSolution
		Debug|Any CPU = Debug|Any CPU
		Release|Any CPU = Release|Any CPU
	EndGlobalSection
	GlobalSection(ProjectConfigurationPlatforms) = postSolution
		{8671B6B4-9D19-4F03-AE4E-86506FCF2953}.Debug|Any CPU.ActiveCfg = Debug|Any CPU
		{8671B6B4-9D19-4F03-AE4E-86506FCF2953}.Debug|Any CPU.Build.0 = Debug|Any CPU
		{8671B6B4-9D19-4F03-AE4E-86506FCF2953}.Release|Any CPU.ActiveCfg = Release|Any CPU
		{8671B6B4-9D19-4F03-AE4E-86506FCF2953}.Release|Any CPU.Build.0 = Release|Any CPU
	EndGlobalSection
	GlobalSection(SolutionProperties) = preSolution
		HideSolutionNode = FALSE
	EndGlobalSection
	GlobalSection(ExtensibilityGlobals) = postSolution
		SolutionGuid = {CC115084-6D0B-43F5-A7D5-E23260134F14}
	EndGlobalSection
EndGlobal
